PODS:
  - ActionCableClient (0.2.5):
    - Starscream (~> 3.1.1)
  - lottie-ios (3.1.5)
  - Starscream (3.1.1)

DEPENDENCIES:
  - ActionCableClient (from `https://github.com/TheMenu/Swift-ActionCableClient.git`, tag `v0.2.5`)
  - lottie-ios

SPEC REPOS:
  trunk:
    - lottie-ios
    - Starscream

EXTERNAL SOURCES:
  ActionCableClient:
    :git: https://github.com/TheMenu/Swift-ActionCableClient.git
    :tag: v0.2.5

CHECKOUT OPTIONS:
  ActionCableClient:
    :git: https://github.com/TheMenu/Swift-ActionCableClient.git
    :tag: v0.2.5

SPEC CHECKSUMS:
  ActionCableClient: 20b6612330c14ab645bb8ead20c2bf6e301594bc
  lottie-ios: 32bf84389337d86fbc8b12266e88452e0abf1dee
  Starscream: 4bb2f9942274833f7b4d296a55504dcfc7edb7b0

PODFILE CHECKSUM: 21361d2086956d24a29b3afbaa6a461b3918c6b5

COCOAPODS: 1.8.4
