// !$*UTF8*$!
{
	archiveVersion = 1;
	classes = {
	};
	objectVersion = 50;
	objects = {

/* Begin PBXBuildFile section */
		AA5350A423C0B29500560A3B /* AppDelegate.swift in Sources */ = {isa = PBXBuildFile; fileRef = AA5350A323C0B29500560A3B /* AppDelegate.swift */; };
		AA5350A623C0B29500560A3B /* SceneDelegate.swift in Sources */ = {isa = PBXBuildFile; fileRef = AA5350A523C0B29500560A3B /* SceneDelegate.swift */; };
		AA5350AD23C0B29500560A3B /* Main.storyboard in Resources */ = {isa = PBXBuildFile; fileRef = AA5350AB23C0B29500560A3B /* Main.storyboard */; };
		AA5350AF23C0B29600560A3B /* Assets.xcassets in Resources */ = {isa = PBXBuildFile; fileRef = AA5350AE23C0B29600560A3B /* Assets.xcassets */; };
		AA5350B223C0B29600560A3B /* LaunchScreen.storyboard in Resources */ = {isa = PBXBuildFile; fileRef = AA5350B023C0B29600560A3B /* LaunchScreen.storyboard */; };
		AA5350BD23C0C7FC00560A3B /* TimeLineViewController.swift in Sources */ = {isa = PBXBuildFile; fileRef = AA5350BC23C0C7FC00560A3B /* TimeLineViewController.swift */; };
		AA5350BF23C0C82F00560A3B /* HomeViewController.swift in Sources */ = {isa = PBXBuildFile; fileRef = AA5350BE23C0C82F00560A3B /* HomeViewController.swift */; };
		AA5350C123C0CA1B00560A3B /* UserListViewController.swift in Sources */ = {isa = PBXBuildFile; fileRef = AA5350C023C0CA1B00560A3B /* UserListViewController.swift */; };
		AA952E8E23C0CF030038379D /* TableViewCell.swift in Sources */ = {isa = PBXBuildFile; fileRef = AA952E8C23C0CF030038379D /* TableViewCell.swift */; };
		AA952E8F23C0CF030038379D /* TableViewCell.xib in Resources */ = {isa = PBXBuildFile; fileRef = AA952E8D23C0CF030038379D /* TableViewCell.xib */; };
		AAE589B923C0DDEA003D23A8 /* UIEdit.swift in Sources */ = {isa = PBXBuildFile; fileRef = AAE589B823C0DDEA003D23A8 /* UIEdit.swift */; };
/* End PBXBuildFile section */

/* Begin PBXFileReference section */
		AA5350A023C0B29500560A3B /* Twiiiiiter.app */ = {isa = PBXFileReference; explicitFileType = wrapper.application; includeInIndex = 0; path = Twiiiiiter.app; sourceTree = BUILT_PRODUCTS_DIR; };
		AA5350A323C0B29500560A3B /* AppDelegate.swift */ = {isa = PBXFileReference; lastKnownFileType = sourcecode.swift; path = AppDelegate.swift; sourceTree = "<group>"; };
		AA5350A523C0B29500560A3B /* SceneDelegate.swift */ = {isa = PBXFileReference; lastKnownFileType = sourcecode.swift; path = SceneDelegate.swift; sourceTree = "<group>"; };
		AA5350AC23C0B29500560A3B /* Base */ = {isa = PBXFileReference; lastKnownFileType = file.storyboard; name = Base; path = Base.lproj/Main.storyboard; sourceTree = "<group>"; };
		AA5350AE23C0B29600560A3B /* Assets.xcassets */ = {isa = PBXFileReference; lastKnownFileType = folder.assetcatalog; path = Assets.xcassets; sourceTree = "<group>"; };
		AA5350B123C0B29600560A3B /* Base */ = {isa = PBXFileReference; lastKnownFileType = file.storyboard; name = Base; path = Base.lproj/LaunchScreen.storyboard; sourceTree = "<group>"; };
		AA5350B323C0B29600560A3B /* Info.plist */ = {isa = PBXFileReference; lastKnownFileType = text.plist.xml; path = Info.plist; sourceTree = "<group>"; };
		AA5350BC23C0C7FC00560A3B /* TimeLineViewController.swift */ = {isa = PBXFileReference; lastKnownFileType = sourcecode.swift; path = TimeLineViewController.swift; sourceTree = "<group>"; };
		AA5350BE23C0C82F00560A3B /* HomeViewController.swift */ = {isa = PBXFileReference; lastKnownFileType = sourcecode.swift; path = HomeViewController.swift; sourceTree = "<group>"; };
		AA5350C023C0CA1B00560A3B /* UserListViewController.swift */ = {isa = PBXFileReference; lastKnownFileType = sourcecode.swift; path = UserListViewController.swift; sourceTree = "<group>"; };
		AA952E8C23C0CF030038379D /* TableViewCell.swift */ = {isa = PBXFileReference; lastKnownFileType = sourcecode.swift; path = TableViewCell.swift; sourceTree = "<group>"; };
		AA952E8D23C0CF030038379D /* TableViewCell.xib */ = {isa = PBXFileReference; lastKnownFileType = file.xib; path = TableViewCell.xib; sourceTree = "<group>"; };
		AAE589B823C0DDEA003D23A8 /* UIEdit.swift */ = {isa = PBXFileReference; lastKnownFileType = sourcecode.swift; path = UIEdit.swift; sourceTree = "<group>"; };
/* End PBXFileReference section */

/* Begin PBXFrameworksBuildPhase section */
		AA53509D23C0B29500560A3B /* Frameworks */ = {
			isa = PBXFrameworksBuildPhase;
			buildActionMask = 2147483647;
			files = (
			);
			runOnlyForDeploymentPostprocessing = 0;
		};
/* End PBXFrameworksBuildPhase section */

/* Begin PBXGroup section */
		AA53509723C0B29500560A3B = {
			isa = PBXGroup;
			children = (
				AA5350A223C0B29500560A3B /* Twiiiiiter */,
				AA5350A123C0B29500560A3B /* Products */,
			);
			sourceTree = "<group>";
		};
		AA5350A123C0B29500560A3B /* Products */ = {
			isa = PBXGroup;
			children = (
				AA5350A023C0B29500560A3B /* Twiiiiiter.app */,
			);
			name = Products;
			sourceTree = "<group>";
		};
		AA5350A223C0B29500560A3B /* Twiiiiiter */ = {
			isa = PBXGroup;
			children = (
				AA5350BB23C0C6FC00560A3B /* Model */,
				AA5350BA23C0C6F100560A3B /* View */,
				AA5350B923C0C6E300560A3B /* Controller */,
				AA5350A323C0B29500560A3B /* AppDelegate.swift */,
				AA5350A523C0B29500560A3B /* SceneDelegate.swift */,
				AA5350B023C0B29600560A3B /* LaunchScreen.storyboard */,
				AA5350B323C0B29600560A3B /* Info.plist */,
			);
			path = Twiiiiiter;
			sourceTree = "<group>";
		};
		AA5350B923C0C6E300560A3B /* Controller */ = {
			isa = PBXGroup;
			children = (
				AA5350BC23C0C7FC00560A3B /* TimeLineViewController.swift */,
				AA5350BE23C0C82F00560A3B /* HomeViewController.swift */,
				AA5350C023C0CA1B00560A3B /* UserListViewController.swift */,
			);
			path = Controller;
			sourceTree = "<group>";
		};
		AA5350BA23C0C6F100560A3B /* View */ = {
			isa = PBXGroup;
			children = (
				AA5350AB23C0B29500560A3B /* Main.storyboard */,
				AA5350AE23C0B29600560A3B /* Assets.xcassets */,
				AA952E8C23C0CF030038379D /* TableViewCell.swift */,
				AA952E8D23C0CF030038379D /* TableViewCell.xib */,
			);
			path = View;
			sourceTree = "<group>";
		};
		AA5350BB23C0C6FC00560A3B /* Model */ = {
			isa = PBXGroup;
			children = (
				AAE589B823C0DDEA003D23A8 /* UIEdit.swift */,
			);
			path = Model;
			sourceTree = "<group>";
		};
/* End PBXGroup section */

/* Begin PBXNativeTarget section */
		AA53509F23C0B29500560A3B /* Twiiiiiter */ = {
			isa = PBXNativeTarget;
			buildConfigurationList = AA5350B623C0B29600560A3B /* Build configuration list for PBXNativeTarget "Twiiiiiter" */;
			buildPhases = (
				AA53509C23C0B29500560A3B /* Sources */,
				AA53509D23C0B29500560A3B /* Frameworks */,
				AA53509E23C0B29500560A3B /* Resources */,
			);
			buildRules = (
			);
			dependencies = (
			);
			name = Twiiiiiter;
			productName = Twiiiiiter;
			productReference = AA5350A023C0B29500560A3B /* Twiiiiiter.app */;
			productType = "com.apple.product-type.application";
		};
/* End PBXNativeTarget section */

/* Begin PBXProject section */
		AA53509823C0B29500560A3B /* Project object */ = {
			isa = PBXProject;
			attributes = {
				LastSwiftUpdateCheck = 1130;
				LastUpgradeCheck = 1130;
				ORGANIZATIONNAME = remuty;
				TargetAttributes = {
					AA53509F23C0B29500560A3B = {
						CreatedOnToolsVersion = 11.3;
					};
				};
			};
			buildConfigurationList = AA53509B23C0B29500560A3B /* Build configuration list for PBXProject "Twiiiiiter" */;
			compatibilityVersion = "Xcode 9.3";
			developmentRegion = en;
			hasScannedForEncodings = 0;
			knownRegions = (
				en,
				Base,
			);
			mainGroup = AA53509723C0B29500560A3B;
			productRefGroup = AA5350A123C0B29500560A3B /* Products */;
			projectDirPath = "";
			projectRoot = "";
			targets = (
				AA53509F23C0B29500560A3B /* Twiiiiiter */,
			);
		};
/* End PBXProject section */

/* Begin PBXResourcesBuildPhase section */
		AA53509E23C0B29500560A3B /* Resources */ = {
			isa = PBXResourcesBuildPhase;
			buildActionMask = 2147483647;
			files = (
				AA5350B223C0B29600560A3B /* LaunchScreen.storyboard in Resources */,
				AA952E8F23C0CF030038379D /* TableViewCell.xib in Resources */,
				AA5350AF23C0B29600560A3B /* Assets.xcassets in Resources */,
				AA5350AD23C0B29500560A3B /* Main.storyboard in Resources */,
			);
			runOnlyForDeploymentPostprocessing = 0;
		};
/* End PBXResourcesBuildPhase section */

/* Begin PBXSourcesBuildPhase section */
		AA53509C23C0B29500560A3B /* Sources */ = {
			isa = PBXSourcesBuildPhase;
			buildActionMask = 2147483647;
			files = (
				AAE589B923C0DDEA003D23A8 /* UIEdit.swift in Sources */,
				AA5350C123C0CA1B00560A3B /* UserListViewController.swift in Sources */,
				AA5350A423C0B29500560A3B /* AppDelegate.swift in Sources */,
				AA5350A623C0B29500560A3B /* SceneDelegate.swift in Sources */,
				AA952E8E23C0CF030038379D /* TableViewCell.swift in Sources */,
				AA5350BD23C0C7FC00560A3B /* TimeLineViewController.swift in Sources */,
				AA5350BF23C0C82F00560A3B /* HomeViewController.swift in Sources */,
			);
			runOnlyForDeploymentPostprocessing = 0;
		};
/* End PBXSourcesBuildPhase section */

/* Begin PBXVariantGroup section */
		AA5350AB23C0B29500560A3B /* Main.storyboard */ = {
			isa = PBXVariantGroup;
			children = (
				AA5350AC23C0B29500560A3B /* Base */,
			);
			name = Main.storyboard;
			sourceTree = "<group>";
		};
		AA5350B023C0B29600560A3B /* LaunchScreen.storyboard */ = {
			isa = PBXVariantGroup;
			children = (
				AA5350B123C0B29600560A3B /* Base */,
			);
			name = LaunchScreen.storyboard;
			sourceTree = "<group>";
		};
/* End PBXVariantGroup section */

/* Begin XCBuildConfiguration section */
		AA5350B423C0B29600560A3B /* Debug */ = {
			isa = XCBuildConfiguration;
			buildSettings = {
				ALWAYS_SEARCH_USER_PATHS = NO;
				CLANG_ANALYZER_NONNULL = YES;
				CLANG_ANALYZER_NUMBER_OBJECT_CONVERSION = YES_AGGRESSIVE;
				CLANG_CXX_LANGUAGE_STANDARD = "gnu++14";
				CLANG_CXX_LIBRARY = "libc++";
				CLANG_ENABLE_MODULES = YES;
				CLANG_ENABLE_OBJC_ARC = YES;
				CLANG_ENABLE_OBJC_WEAK = YES;
				CLANG_WARN_BLOCK_CAPTURE_AUTORELEASING = YES;
				CLANG_WARN_BOOL_CONVERSION = YES;
				CLANG_WARN_COMMA = YES;
				CLANG_WARN_CONSTANT_CONVERSION = YES;
				CLANG_WARN_DEPRECATED_OBJC_IMPLEMENTATIONS = YES;
				CLANG_WARN_DIRECT_OBJC_ISA_USAGE = YES_ERROR;
				CLANG_WARN_DOCUMENTATION_COMMENTS = YES;
				CLANG_WARN_EMPTY_BODY = YES;
				CLANG_WARN_ENUM_CONVERSION = YES;
				CLANG_WARN_INFINITE_RECURSION = YES;
				CLANG_WARN_INT_CONVERSION = YES;
				CLANG_WARN_NON_LITERAL_NULL_CONVERSION = YES;
				CLANG_WARN_OBJC_IMPLICIT_RETAIN_SELF = YES;
				CLANG_WARN_OBJC_LITERAL_CONVERSION = YES;
				CLANG_WARN_OBJC_ROOT_CLASS = YES_ERROR;
				CLANG_WARN_RANGE_LOOP_ANALYSIS = YES;
				CLANG_WARN_STRICT_PROTOTYPES = YES;
				CLANG_WARN_SUSPICIOUS_MOVE = YES;
				CLANG_WARN_UNGUARDED_AVAILABILITY = YES_AGGRESSIVE;
				CLANG_WARN_UNREACHABLE_CODE = YES;
				CLANG_WARN__DUPLICATE_METHOD_MATCH = YES;
				COPY_PHASE_STRIP = NO;
				DEBUG_INFORMATION_FORMAT = dwarf;
				ENABLE_STRICT_OBJC_MSGSEND = YES;
				ENABLE_TESTABILITY = YES;
				GCC_C_LANGUAGE_STANDARD = gnu11;
				GCC_DYNAMIC_NO_PIC = NO;
				GCC_NO_COMMON_BLOCKS = YES;
				GCC_OPTIMIZATION_LEVEL = 0;
				GCC_PREPROCESSOR_DEFINITIONS = (
					"DEBUG=1",
					"$(inherited)",
				);
				GCC_WARN_64_TO_32_BIT_CONVERSION = YES;
				GCC_WARN_ABOUT_RETURN_TYPE = YES_ERROR;
				GCC_WARN_UNDECLARED_SELECTOR = YES;
				GCC_WARN_UNINITIALIZED_AUTOS = YES_AGGRESSIVE;
				GCC_WARN_UNUSED_FUNCTION = YES;
				GCC_WARN_UNUSED_VARIABLE = YES;
				IPHONEOS_DEPLOYMENT_TARGET = 13.2;
				MTL_ENABLE_DEBUG_INFO = INCLUDE_SOURCE;
				MTL_FAST_MATH = YES;
				ONLY_ACTIVE_ARCH = YES;
				SDKROOT = iphoneos;
				SWIFT_ACTIVE_COMPILATION_CONDITIONS = DEBUG;
				SWIFT_OPTIMIZATION_LEVEL = "-Onone";
			};
			name = Debug;
		};
		AA5350B523C0B29600560A3B /* Release */ = {
			isa = XCBuildConfiguration;
			buildSettings = {
				ALWAYS_SEARCH_USER_PATHS = NO;
				CLANG_ANALYZER_NONNULL = YES;
				CLANG_ANALYZER_NUMBER_OBJECT_CONVERSION = YES_AGGRESSIVE;
				CLANG_CXX_LANGUAGE_STANDARD = "gnu++14";
				CLANG_CXX_LIBRARY = "libc++";
				CLANG_ENABLE_MODULES = YES;
				CLANG_ENABLE_OBJC_ARC = YES;
				CLANG_ENABLE_OBJC_WEAK = YES;
				CLANG_WARN_BLOCK_CAPTURE_AUTORELEASING = YES;
				CLANG_WARN_BOOL_CONVERSION = YES;
				CLANG_WARN_COMMA = YES;
				CLANG_WARN_CONSTANT_CONVERSION = YES;
				CLANG_WARN_DEPRECATED_OBJC_IMPLEMENTATIONS = YES;
				CLANG_WARN_DIRECT_OBJC_ISA_USAGE = YES_ERROR;
				CLANG_WARN_DOCUMENTATION_COMMENTS = YES;
				CLANG_WARN_EMPTY_BODY = YES;
				CLANG_WARN_ENUM_CONVERSION = YES;
				CLANG_WARN_INFINITE_RECURSION = YES;
				CLANG_WARN_INT_CONVERSION = YES;
				CLANG_WARN_NON_LITERAL_NULL_CONVERSION = YES;
				CLANG_WARN_OBJC_IMPLICIT_RETAIN_SELF = YES;
				CLANG_WARN_OBJC_LITERAL_CONVERSION = YES;
				CLANG_WARN_OBJC_ROOT_CLASS = YES_ERROR;
				CLANG_WARN_RANGE_LOOP_ANALYSIS = YES;
				CLANG_WARN_STRICT_PROTOTYPES = YES;
				CLANG_WARN_SUSPICIOUS_MOVE = YES;
				CLANG_WARN_UNGUARDED_AVAILABILITY = YES_AGGRESSIVE;
				CLANG_WARN_UNREACHABLE_CODE = YES;
				CLANG_WARN__DUPLICATE_METHOD_MATCH = YES;
				COPY_PHASE_STRIP = NO;
				DEBUG_INFORMATION_FORMAT = "dwarf-with-dsym";
				ENABLE_NS_ASSERTIONS = NO;
				ENABLE_STRICT_OBJC_MSGSEND = YES;
				GCC_C_LANGUAGE_STANDARD = gnu11;
				GCC_NO_COMMON_BLOCKS = YES;
				GCC_WARN_64_TO_32_BIT_CONVERSION = YES;
				GCC_WARN_ABOUT_RETURN_TYPE = YES_ERROR;
				GCC_WARN_UNDECLARED_SELECTOR = YES;
				GCC_WARN_UNINITIALIZED_AUTOS = YES_AGGRESSIVE;
				GCC_WARN_UNUSED_FUNCTION = YES;
				GCC_WARN_UNUSED_VARIABLE = YES;
				IPHONEOS_DEPLOYMENT_TARGET = 13.2;
				MTL_ENABLE_DEBUG_INFO = NO;
				MTL_FAST_MATH = YES;
				SDKROOT = iphoneos;
				SWIFT_COMPILATION_MODE = wholemodule;
				SWIFT_OPTIMIZATION_LEVEL = "-O";
				VALIDATE_PRODUCT = YES;
			};
			name = Release;
		};
		AA5350B723C0B29600560A3B /* Debug */ = {
			isa = XCBuildConfiguration;
			buildSettings = {
				ASSETCATALOG_COMPILER_APPICON_NAME = AppIcon;
				CODE_SIGN_STYLE = Automatic;
				DEVELOPMENT_TEAM = H63A73QLUX;
				INFOPLIST_FILE = Twiiiiiter/Info.plist;
				LD_RUNPATH_SEARCH_PATHS = (
					"$(inherited)",
					"@executable_path/Frameworks",
				);
				PRODUCT_BUNDLE_IDENTIFIER = com.remutyapp.Twiiiiiter;
				PRODUCT_NAME = "$(TARGET_NAME)";
				SWIFT_VERSION = 5.0;
				TARGETED_DEVICE_FAMILY = 1;
			};
			name = Debug;
		};
		AA5350B823C0B29600560A3B /* Release */ = {
			isa = XCBuildConfiguration;
			buildSettings = {
				ASSETCATALOG_COMPILER_APPICON_NAME = AppIcon;
				CODE_SIGN_STYLE = Automatic;
				DEVELOPMENT_TEAM = H63A73QLUX;
				INFOPLIST_FILE = Twiiiiiter/Info.plist;
				LD_RUNPATH_SEARCH_PATHS = (
					"$(inherited)",
					"@executable_path/Frameworks",
				);
				PRODUCT_BUNDLE_IDENTIFIER = com.remutyapp.Twiiiiiter;
				PRODUCT_NAME = "$(TARGET_NAME)";
				SWIFT_VERSION = 5.0;
				TARGETED_DEVICE_FAMILY = 1;
			};
			name = Release;
		};
/* End XCBuildConfiguration section */

/* Begin XCConfigurationList section */
		AA53509B23C0B29500560A3B /* Build configuration list for PBXProject "Twiiiiiter" */ = {
			isa = XCConfigurationList;
			buildConfigurations = (
				AA5350B423C0B29600560A3B /* Debug */,
				AA5350B523C0B29600560A3B /* Release */,
			);
			defaultConfigurationIsVisible = 0;
			defaultConfigurationName = Release;
		};
		AA5350B623C0B29600560A3B /* Build configuration list for PBXNativeTarget "Twiiiiiter" */ = {
			isa = XCConfigurationList;
			buildConfigurations = (
				AA5350B723C0B29600560A3B /* Debug */,
				AA5350B823C0B29600560A3B /* Release */,
			);
			defaultConfigurationIsVisible = 0;
			defaultConfigurationName = Release;
		};
/* End XCConfigurationList section */
	};
	rootObject = AA53509823C0B29500560A3B /* Project object */;
}
