// !$*UTF8*$!
{
	archiveVersion = 1;
	classes = {
	};
	objectVersion = 51;
	objects = {

/* Begin PBXBuildFile section */
		AA5350A423C0B29500560A3B /* AppDelegate.swift in Sources */ = {isa = PBXBuildFile; fileRef = AA5350A323C0B29500560A3B /* AppDelegate.swift */; };
		AA5350A623C0B29500560A3B /* SceneDelegate.swift in Sources */ = {isa = PBXBuildFile; fileRef = AA5350A523C0B29500560A3B /* SceneDelegate.swift */; };
		AA5350AD23C0B29500560A3B /* Main.storyboard in Resources */ = {isa = PBXBuildFile; fileRef = AA5350AB23C0B29500560A3B /* Main.storyboard */; };
		AA5350AF23C0B29600560A3B /* Assets.xcassets in Resources */ = {isa = PBXBuildFile; fileRef = AA5350AE23C0B29600560A3B /* Assets.xcassets */; };
		AA5350B223C0B29600560A3B /* LaunchScreen.storyboard in Resources */ = {isa = PBXBuildFile; fileRef = AA5350B023C0B29600560A3B /* LaunchScreen.storyboard */; };
		AA5350BD23C0C7FC00560A3B /* TimeLineViewController.swift in Sources */ = {isa = PBXBuildFile; fileRef = AA5350BC23C0C7FC00560A3B /* TimeLineViewController.swift */; };
		AA5350BF23C0C82F00560A3B /* HomeViewController.swift in Sources */ = {isa = PBXBuildFile; fileRef = AA5350BE23C0C82F00560A3B /* HomeViewController.swift */; };
		AA5350C123C0CA1B00560A3B /* UserListViewController.swift in Sources */ = {isa = PBXBuildFile; fileRef = AA5350C023C0CA1B00560A3B /* UserListViewController.swift */; };
		AA952E8E23C0CF030038379D /* TableViewCell.swift in Sources */ = {isa = PBXBuildFile; fileRef = AA952E8C23C0CF030038379D /* TableViewCell.swift */; };
		AA952E8F23C0CF030038379D /* TableViewCell.xib in Resources */ = {isa = PBXBuildFile; fileRef = AA952E8D23C0CF030038379D /* TableViewCell.xib */; };
		AACD9E2F23CE12F5002A4C7B /* RegisterViewController.swift in Sources */ = {isa = PBXBuildFile; fileRef = AACD9E2E23CE12F5002A4C7B /* RegisterViewController.swift */; };
		AACD9E3123CE133B002A4C7B /* LoginViewController.swift in Sources */ = {isa = PBXBuildFile; fileRef = AACD9E3023CE133B002A4C7B /* LoginViewController.swift */; };
		AADC16B523CECC6A008A7B3A /* PostsInfo.swift in Sources */ = {isa = PBXBuildFile; fileRef = AADC16B423CECC6A008A7B3A /* PostsInfo.swift */; };
		AAE589B923C0DDEA003D23A8 /* UIEdit.swift in Sources */ = {isa = PBXBuildFile; fileRef = AAE589B823C0DDEA003D23A8 /* UIEdit.swift */; };
		AAE589BB23C0E260003D23A8 /* UserInfo.swift in Sources */ = {isa = PBXBuildFile; fileRef = AAE589BA23C0E260003D23A8 /* UserInfo.swift */; };
		AAE589BD23C0E623003D23A8 /* API.swift in Sources */ = {isa = PBXBuildFile; fileRef = AAE589BC23C0E623003D23A8 /* API.swift */; };
		AAE8ACDF23C8CA3A00111827 /* circleScale.json in Resources */ = {isa = PBXBuildFile; fileRef = AAE8ACDD23C8CA3900111827 /* circleScale.json */; };
		AAE8ACE023C8CA3A00111827 /* circleLotate.json in Resources */ = {isa = PBXBuildFile; fileRef = AAE8ACDE23C8CA3A00111827 /* circleLotate.json */; };
		CA441253ACDA8AF83F6CE3CB /* Pods_Twiiiiiter.framework in Frameworks */ = {isa = PBXBuildFile; fileRef = 89B9B6DB2807B0E566C1B5CC /* Pods_Twiiiiiter.framework */; };
/* End PBXBuildFile section */

/* Begin PBXFileReference section */
		30F0D3200516D06ABBAA45B9 /* Pods-Twiiiiiter.release.xcconfig */ = {isa = PBXFileReference; includeInIndex = 1; lastKnownFileType = text.xcconfig; name = "Pods-Twiiiiiter.release.xcconfig"; path = "Target Support Files/Pods-Twiiiiiter/Pods-Twiiiiiter.release.xcconfig"; sourceTree = "<group>"; };
		89B9B6DB2807B0E566C1B5CC /* Pods_Twiiiiiter.framework */ = {isa = PBXFileReference; explicitFileType = wrapper.framework; includeInIndex = 0; path = Pods_Twiiiiiter.framework; sourceTree = BUILT_PRODUCTS_DIR; };
		921FF741CE6782D62B1DFF75 /* Pods-Twiiiiiter.debug.xcconfig */ = {isa = PBXFileReference; includeInIndex = 1; lastKnownFileType = text.xcconfig; name = "Pods-Twiiiiiter.debug.xcconfig"; path = "Target Support Files/Pods-Twiiiiiter/Pods-Twiiiiiter.debug.xcconfig"; sourceTree = "<group>"; };
		AA5350A023C0B29500560A3B /* Twiiiiiter.app */ = {isa = PBXFileReference; explicitFileType = wrapper.application; includeInIndex = 0; path = Twiiiiiter.app; sourceTree = BUILT_PRODUCTS_DIR; };
		AA5350A323C0B29500560A3B /* AppDelegate.swift */ = {isa = PBXFileReference; lastKnownFileType = sourcecode.swift; path = AppDelegate.swift; sourceTree = "<group>"; };
		AA5350A523C0B29500560A3B /* SceneDelegate.swift */ = {isa = PBXFileReference; lastKnownFileType = sourcecode.swift; path = SceneDelegate.swift; sourceTree = "<group>"; };
		AA5350AC23C0B29500560A3B /* Base */ = {isa = PBXFileReference; lastKnownFileType = file.storyboard; name = Base; path = Base.lproj/Main.storyboard; sourceTree = "<group>"; };
		AA5350AE23C0B29600560A3B /* Assets.xcassets */ = {isa = PBXFileReference; lastKnownFileType = folder.assetcatalog; path = Assets.xcassets; sourceTree = "<group>"; };
		AA5350B123C0B29600560A3B /* Base */ = {isa = PBXFileReference; lastKnownFileType = file.storyboard; name = Base; path = Base.lproj/LaunchScreen.storyboard; sourceTree = "<group>"; };
		AA5350B323C0B29600560A3B /* Info.plist */ = {isa = PBXFileReference; lastKnownFileType = text.plist.xml; path = Info.plist; sourceTree = "<group>"; };
		AA5350BC23C0C7FC00560A3B /* TimeLineViewController.swift */ = {isa = PBXFileReference; lastKnownFileType = sourcecode.swift; path = TimeLineViewController.swift; sourceTree = "<group>"; };
		AA5350BE23C0C82F00560A3B /* HomeViewController.swift */ = {isa = PBXFileReference; lastKnownFileType = sourcecode.swift; path = HomeViewController.swift; sourceTree = "<group>"; };
		AA5350C023C0CA1B00560A3B /* UserListViewController.swift */ = {isa = PBXFileReference; lastKnownFileType = sourcecode.swift; path = UserListViewController.swift; sourceTree = "<group>"; };
		AA952E8C23C0CF030038379D /* TableViewCell.swift */ = {isa = PBXFileReference; lastKnownFileType = sourcecode.swift; path = TableViewCell.swift; sourceTree = "<group>"; };
		AA952E8D23C0CF030038379D /* TableViewCell.xib */ = {isa = PBXFileReference; lastKnownFileType = file.xib; path = TableViewCell.xib; sourceTree = "<group>"; };
		AACD9E2E23CE12F5002A4C7B /* RegisterViewController.swift */ = {isa = PBXFileReference; lastKnownFileType = sourcecode.swift; path = RegisterViewController.swift; sourceTree = "<group>"; };
		AACD9E3023CE133B002A4C7B /* LoginViewController.swift */ = {isa = PBXFileReference; lastKnownFileType = sourcecode.swift; path = LoginViewController.swift; sourceTree = "<group>"; };
		AADC16B423CECC6A008A7B3A /* PostsInfo.swift */ = {isa = PBXFileReference; lastKnownFileType = sourcecode.swift; path = PostsInfo.swift; sourceTree = "<group>"; };
		AAE589B823C0DDEA003D23A8 /* UIEdit.swift */ = {isa = PBXFileReference; lastKnownFileType = sourcecode.swift; path = UIEdit.swift; sourceTree = "<group>"; };
		AAE589BA23C0E260003D23A8 /* UserInfo.swift */ = {isa = PBXFileReference; lastKnownFileType = sourcecode.swift; path = UserInfo.swift; sourceTree = "<group>"; };
		AAE589BC23C0E623003D23A8 /* API.swift */ = {isa = PBXFileReference; lastKnownFileType = sourcecode.swift; path = API.swift; sourceTree = "<group>"; };
		AAE8ACDD23C8CA3900111827 /* circleScale.json */ = {isa = PBXFileReference; fileEncoding = 4; lastKnownFileType = text.json; path = circleScale.json; sourceTree = "<group>"; };
		AAE8ACDE23C8CA3A00111827 /* circleLotate.json */ = {isa = PBXFileReference; fileEncoding = 4; lastKnownFileType = text.json; path = circleLotate.json; sourceTree = "<group>"; };
/* End PBXFileReference section */

/* Begin PBXFrameworksBuildPhase section */
		AA53509D23C0B29500560A3B /* Frameworks */ = {
			isa = PBXFrameworksBuildPhase;
			buildActionMask = 2147483647;
			files = (
				CA441253ACDA8AF83F6CE3CB /* Pods_Twiiiiiter.framework in Frameworks */,
			);
			runOnlyForDeploymentPostprocessing = 0;
		};
/* End PBXFrameworksBuildPhase section */

/* Begin PBXGroup section */
		97D68621FA087395BF615665 /* Pods */ = {
			isa = PBXGroup;
			children = (
				921FF741CE6782D62B1DFF75 /* Pods-Twiiiiiter.debug.xcconfig */,
				30F0D3200516D06ABBAA45B9 /* Pods-Twiiiiiter.release.xcconfig */,
			);
			path = Pods;
			sourceTree = "<group>";
		};
		AA53509723C0B29500560A3B = {
			isa = PBXGroup;
			children = (
				AA5350A223C0B29500560A3B /* Twiiiiiter */,
				AA5350A123C0B29500560A3B /* Products */,
				97D68621FA087395BF615665 /* Pods */,
				D2D6C25EA33EB1707790543F /* Frameworks */,
			);
			sourceTree = "<group>";
		};
		AA5350A123C0B29500560A3B /* Products */ = {
			isa = PBXGroup;
			children = (
				AA5350A023C0B29500560A3B /* Twiiiiiter.app */,
			);
			name = Products;
			sourceTree = "<group>";
		};
		AA5350A223C0B29500560A3B /* Twiiiiiter */ = {
			isa = PBXGroup;
			children = (
				AA5350BB23C0C6FC00560A3B /* Model */,
				AA5350BA23C0C6F100560A3B /* View */,
				AA5350B923C0C6E300560A3B /* Controller */,
				AA5350A323C0B29500560A3B /* AppDelegate.swift */,
				AA5350A523C0B29500560A3B /* SceneDelegate.swift */,
				AA5350B023C0B29600560A3B /* LaunchScreen.storyboard */,
				AA5350B323C0B29600560A3B /* Info.plist */,
				AAE8ACDE23C8CA3A00111827 /* circleLotate.json */,
				AAE8ACDD23C8CA3900111827 /* circleScale.json */,
			);
			path = Twiiiiiter;
			sourceTree = "<group>";
		};
		AA5350B923C0C6E300560A3B /* Controller */ = {
			isa = PBXGroup;
			children = (
				AA5350BC23C0C7FC00560A3B /* TimeLineViewController.swift */,
				AA5350BE23C0C82F00560A3B /* HomeViewController.swift */,
				AA5350C023C0CA1B00560A3B /* UserListViewController.swift */,
				AACD9E2E23CE12F5002A4C7B /* RegisterViewController.swift */,
				AACD9E3023CE133B002A4C7B /* LoginViewController.swift */,
			);
			path = Controller;
			sourceTree = "<group>";
		};
		AA5350BA23C0C6F100560A3B /* View */ = {
			isa = PBXGroup;
			children = (
				AA5350AB23C0B29500560A3B /* Main.storyboard */,
				AA5350AE23C0B29600560A3B /* Assets.xcassets */,
				AA952E8C23C0CF030038379D /* TableViewCell.swift */,
				AA952E8D23C0CF030038379D /* TableViewCell.xib */,
			);
			path = View;
			sourceTree = "<group>";
		};
		AA5350BB23C0C6FC00560A3B /* Model */ = {
			isa = PBXGroup;
			children = (
				AAE589B823C0DDEA003D23A8 /* UIEdit.swift */,
				AAE589BA23C0E260003D23A8 /* UserInfo.swift */,
				AAE589BC23C0E623003D23A8 /* API.swift */,
				AADC16B423CECC6A008A7B3A /* PostsInfo.swift */,
			);
			path = Model;
			sourceTree = "<group>";
		};
		D2D6C25EA33EB1707790543F /* Frameworks */ = {
			isa = PBXGroup;
			children = (
				89B9B6DB2807B0E566C1B5CC /* Pods_Twiiiiiter.framework */,
			);
			name = Frameworks;
			sourceTree = "<group>";
		};
/* End PBXGroup section */

/* Begin PBXNativeTarget section */
		AA53509F23C0B29500560A3B /* Twiiiiiter */ = {
			isa = PBXNativeTarget;
			buildConfigurationList = AA5350B623C0B29600560A3B /* Build configuration list for PBXNativeTarget "Twiiiiiter" */;
			buildPhases = (
				574865030EB5497953498F4A /* [CP] Check Pods Manifest.lock */,
				AA53509C23C0B29500560A3B /* Sources */,
				AA53509D23C0B29500560A3B /* Frameworks */,
				AA53509E23C0B29500560A3B /* Resources */,
				DBB3219722AB9C5A213FF467 /* [CP] Embed Pods Frameworks */,
			);
			buildRules = (
			);
			dependencies = (
			);
			name = Twiiiiiter;
			productName = Twiiiiiter;
			productReference = AA5350A023C0B29500560A3B /* Twiiiiiter.app */;
			productType = "com.apple.product-type.application";
		};
/* End PBXNativeTarget section */

/* Begin PBXProject section */
		AA53509823C0B29500560A3B /* Project object */ = {
			isa = PBXProject;
			attributes = {
				LastSwiftUpdateCheck = 1130;
				LastUpgradeCheck = 1130;
				ORGANIZATIONNAME = remuty;
				TargetAttributes = {
					AA53509F23C0B29500560A3B = {
						CreatedOnToolsVersion = 11.3;
					};
				};
			};
			buildConfigurationList = AA53509B23C0B29500560A3B /* Build configuration list for PBXProject "Twiiiiiter" */;
			compatibilityVersion = "Xcode 9.3";
			developmentRegion = en;
			hasScannedForEncodings = 0;
			knownRegions = (
				en,
				Base,
			);
			mainGroup = AA53509723C0B29500560A3B;
			productRefGroup = AA5350A123C0B29500560A3B /* Products */;
			projectDirPath = "";
			projectRoot = "";
			targets = (
				AA53509F23C0B29500560A3B /* Twiiiiiter */,
			);
		};
/* End PBXProject section */

/* Begin PBXResourcesBuildPhase section */
		AA53509E23C0B29500560A3B /* Resources */ = {
			isa = PBXResourcesBuildPhase;
			buildActionMask = 2147483647;
			files = (
				AA5350B223C0B29600560A3B /* LaunchScreen.storyboard in Resources */,
				AA952E8F23C0CF030038379D /* TableViewCell.xib in Resources */,
				AAE8ACE023C8CA3A00111827 /* circleLotate.json in Resources */,
				AA5350AF23C0B29600560A3B /* Assets.xcassets in Resources */,
				AAE8ACDF23C8CA3A00111827 /* circleScale.json in Resources */,
				AA5350AD23C0B29500560A3B /* Main.storyboard in Resources */,
			);
			runOnlyForDeploymentPostprocessing = 0;
		};
/* End PBXResourcesBuildPhase section */

/* Begin PBXShellScriptBuildPhase section */
		574865030EB5497953498F4A /* [CP] Check Pods Manifest.lock */ = {
			isa = PBXShellScriptBuildPhase;
			buildActionMask = 2147483647;
			files = (
			);
			inputFileListPaths = (
			);
			inputPaths = (
				"${PODS_PODFILE_DIR_PATH}/Podfile.lock",
				"${PODS_ROOT}/Manifest.lock",
			);
			name = "[CP] Check Pods Manifest.lock";
			outputFileListPaths = (
			);
			outputPaths = (
				"$(DERIVED_FILE_DIR)/Pods-Twiiiiiter-checkManifestLockResult.txt",
			);
			runOnlyForDeploymentPostprocessing = 0;
			shellPath = /bin/sh;
			shellScript = "diff \"${PODS_PODFILE_DIR_PATH}/Podfile.lock\" \"${PODS_ROOT}/Manifest.lock\" > /dev/null\nif [ $? != 0 ] ; then\n    # print error to STDERR\n    echo \"error: The sandbox is not in sync with the Podfile.lock. Run 'pod install' or update your CocoaPods installation.\" >&2\n    exit 1\nfi\n# This output is used by Xcode 'outputs' to avoid re-running this script phase.\necho \"SUCCESS\" > \"${SCRIPT_OUTPUT_FILE_0}\"\n";
			showEnvVarsInLog = 0;
		};
		DBB3219722AB9C5A213FF467 /* [CP] Embed Pods Frameworks */ = {
			isa = PBXShellScriptBuildPhase;
			buildActionMask = 2147483647;
			files = (
			);
			inputFileListPaths = (
				"${PODS_ROOT}/Target Support Files/Pods-Twiiiiiter/Pods-Twiiiiiter-frameworks-${CONFIGURATION}-input-files.xcfilelist",
			);
			name = "[CP] Embed Pods Frameworks";
			outputFileListPaths = (
				"${PODS_ROOT}/Target Support Files/Pods-Twiiiiiter/Pods-Twiiiiiter-frameworks-${CONFIGURATION}-output-files.xcfilelist",
			);
			runOnlyForDeploymentPostprocessing = 0;
			shellPath = /bin/sh;
			shellScript = "\"${PODS_ROOT}/Target Support Files/Pods-Twiiiiiter/Pods-Twiiiiiter-frameworks.sh\"\n";
			showEnvVarsInLog = 0;
		};
/* End PBXShellScriptBuildPhase section */

/* Begin PBXSourcesBuildPhase section */
		AA53509C23C0B29500560A3B /* Sources */ = {
			isa = PBXSourcesBuildPhase;
			buildActionMask = 2147483647;
			files = (
				AAE589B923C0DDEA003D23A8 /* UIEdit.swift in Sources */,
				AACD9E2F23CE12F5002A4C7B /* RegisterViewController.swift in Sources */,
				AA5350C123C0CA1B00560A3B /* UserListViewController.swift in Sources */,
				AA5350A423C0B29500560A3B /* AppDelegate.swift in Sources */,
				AA5350A623C0B29500560A3B /* SceneDelegate.swift in Sources */,
				AAE589BB23C0E260003D23A8 /* UserInfo.swift in Sources */,
				AA952E8E23C0CF030038379D /* TableViewCell.swift in Sources */,
				AADC16B523CECC6A008A7B3A /* PostsInfo.swift in Sources */,
				AA5350BD23C0C7FC00560A3B /* TimeLineViewController.swift in Sources */,
				AAE589BD23C0E623003D23A8 /* API.swift in Sources */,
				AA5350BF23C0C82F00560A3B /* HomeViewController.swift in Sources */,
				AACD9E3123CE133B002A4C7B /* LoginViewController.swift in Sources */,
			);
			runOnlyForDeploymentPostprocessing = 0;
		};
/* End PBXSourcesBuildPhase section */

/* Begin PBXVariantGroup section */
		AA5350AB23C0B29500560A3B /* Main.storyboard */ = {
			isa = PBXVariantGroup;
			children = (
				AA5350AC23C0B29500560A3B /* Base */,
			);
			name = Main.storyboard;
			sourceTree = "<group>";
		};
		AA5350B023C0B29600560A3B /* LaunchScreen.storyboard */ = {
			isa = PBXVariantGroup;
			children = (
				AA5350B123C0B29600560A3B /* Base */,
			);
			name = LaunchScreen.storyboard;
			sourceTree = "<group>";
		};
/* End PBXVariantGroup section */

/* Begin XCBuildConfiguration section */
		AA5350B423C0B29600560A3B /* Debug */ = {
			isa = XCBuildConfiguration;
			buildSettings = {
				ALWAYS_SEARCH_USER_PATHS = NO;
				CLANG_ANALYZER_NONNULL = YES;
				CLANG_ANALYZER_NUMBER_OBJECT_CONVERSION = YES_AGGRESSIVE;
				CLANG_CXX_LANGUAGE_STANDARD = "gnu++14";
				CLANG_CXX_LIBRARY = "libc++";
				CLANG_ENABLE_MODULES = YES;
				CLANG_ENABLE_OBJC_ARC = YES;
				CLANG_ENABLE_OBJC_WEAK = YES;
				CLANG_WARN_BLOCK_CAPTURE_AUTORELEASING = YES;
				CLANG_WARN_BOOL_CONVERSION = YES;
				CLANG_WARN_COMMA = YES;
				CLANG_WARN_CONSTANT_CONVERSION = YES;
				CLANG_WARN_DEPRECATED_OBJC_IMPLEMENTATIONS = YES;
				CLANG_WARN_DIRECT_OBJC_ISA_USAGE = YES_ERROR;
				CLANG_WARN_DOCUMENTATION_COMMENTS = YES;
				CLANG_WARN_EMPTY_BODY = YES;
				CLANG_WARN_ENUM_CONVERSION = YES;
				CLANG_WARN_INFINITE_RECURSION = YES;
				CLANG_WARN_INT_CONVERSION = YES;
				CLANG_WARN_NON_LITERAL_NULL_CONVERSION = YES;
				CLANG_WARN_OBJC_IMPLICIT_RETAIN_SELF = YES;
				CLANG_WARN_OBJC_LITERAL_CONVERSION = YES;
				CLANG_WARN_OBJC_ROOT_CLASS = YES_ERROR;
				CLANG_WARN_RANGE_LOOP_ANALYSIS = YES;
				CLANG_WARN_STRICT_PROTOTYPES = YES;
				CLANG_WARN_SUSPICIOUS_MOVE = YES;
				CLANG_WARN_UNGUARDED_AVAILABILITY = YES_AGGRESSIVE;
				CLANG_WARN_UNREACHABLE_CODE = YES;
				CLANG_WARN__DUPLICATE_METHOD_MATCH = YES;
				COPY_PHASE_STRIP = NO;
				DEBUG_INFORMATION_FORMAT = dwarf;
				ENABLE_STRICT_OBJC_MSGSEND = YES;
				ENABLE_TESTABILITY = YES;
				GCC_C_LANGUAGE_STANDARD = gnu11;
				GCC_DYNAMIC_NO_PIC = NO;
				GCC_NO_COMMON_BLOCKS = YES;
				GCC_OPTIMIZATION_LEVEL = 0;
				GCC_PREPROCESSOR_DEFINITIONS = (
					"DEBUG=1",
					"$(inherited)",
				);
				GCC_WARN_64_TO_32_BIT_CONVERSION = YES;
				GCC_WARN_ABOUT_RETURN_TYPE = YES_ERROR;
				GCC_WARN_UNDECLARED_SELECTOR = YES;
				GCC_WARN_UNINITIALIZED_AUTOS = YES_AGGRESSIVE;
				GCC_WARN_UNUSED_FUNCTION = YES;
				GCC_WARN_UNUSED_VARIABLE = YES;
				IPHONEOS_DEPLOYMENT_TARGET = 13.2;
				MTL_ENABLE_DEBUG_INFO = INCLUDE_SOURCE;
				MTL_FAST_MATH = YES;
				ONLY_ACTIVE_ARCH = YES;
				SDKROOT = iphoneos;
				SWIFT_ACTIVE_COMPILATION_CONDITIONS = DEBUG;
				SWIFT_OPTIMIZATION_LEVEL = "-Onone";
			};
			name = Debug;
		};
		AA5350B523C0B29600560A3B /* Release */ = {
			isa = XCBuildConfiguration;
			buildSettings = {
				ALWAYS_SEARCH_USER_PATHS = NO;
				CLANG_ANALYZER_NONNULL = YES;
				CLANG_ANALYZER_NUMBER_OBJECT_CONVERSION = YES_AGGRESSIVE;
				CLANG_CXX_LANGUAGE_STANDARD = "gnu++14";
				CLANG_CXX_LIBRARY = "libc++";
				CLANG_ENABLE_MODULES = YES;
				CLANG_ENABLE_OBJC_ARC = YES;
				CLANG_ENABLE_OBJC_WEAK = YES;
				CLANG_WARN_BLOCK_CAPTURE_AUTORELEASING = YES;
				CLANG_WARN_BOOL_CONVERSION = YES;
				CLANG_WARN_COMMA = YES;
				CLANG_WARN_CONSTANT_CONVERSION = YES;
				CLANG_WARN_DEPRECATED_OBJC_IMPLEMENTATIONS = YES;
				CLANG_WARN_DIRECT_OBJC_ISA_USAGE = YES_ERROR;
				CLANG_WARN_DOCUMENTATION_COMMENTS = YES;
				CLANG_WARN_EMPTY_BODY = YES;
				CLANG_WARN_ENUM_CONVERSION = YES;
				CLANG_WARN_INFINITE_RECURSION = YES;
				CLANG_WARN_INT_CONVERSION = YES;
				CLANG_WARN_NON_LITERAL_NULL_CONVERSION = YES;
				CLANG_WARN_OBJC_IMPLICIT_RETAIN_SELF = YES;
				CLANG_WARN_OBJC_LITERAL_CONVERSION = YES;
				CLANG_WARN_OBJC_ROOT_CLASS = YES_ERROR;
				CLANG_WARN_RANGE_LOOP_ANALYSIS = YES;
				CLANG_WARN_STRICT_PROTOTYPES = YES;
				CLANG_WARN_SUSPICIOUS_MOVE = YES;
				CLANG_WARN_UNGUARDED_AVAILABILITY = YES_AGGRESSIVE;
				CLANG_WARN_UNREACHABLE_CODE = YES;
				CLANG_WARN__DUPLICATE_METHOD_MATCH = YES;
				COPY_PHASE_STRIP = NO;
				DEBUG_INFORMATION_FORMAT = "dwarf-with-dsym";
				ENABLE_NS_ASSERTIONS = NO;
				ENABLE_STRICT_OBJC_MSGSEND = YES;
				GCC_C_LANGUAGE_STANDARD = gnu11;
				GCC_NO_COMMON_BLOCKS = YES;
				GCC_WARN_64_TO_32_BIT_CONVERSION = YES;
				GCC_WARN_ABOUT_RETURN_TYPE = YES_ERROR;
				GCC_WARN_UNDECLARED_SELECTOR = YES;
				GCC_WARN_UNINITIALIZED_AUTOS = YES_AGGRESSIVE;
				GCC_WARN_UNUSED_FUNCTION = YES;
				GCC_WARN_UNUSED_VARIABLE = YES;
				IPHONEOS_DEPLOYMENT_TARGET = 13.2;
				MTL_ENABLE_DEBUG_INFO = NO;
				MTL_FAST_MATH = YES;
				SDKROOT = iphoneos;
				SWIFT_COMPILATION_MODE = wholemodule;
				SWIFT_OPTIMIZATION_LEVEL = "-O";
				VALIDATE_PRODUCT = YES;
			};
			name = Release;
		};
		AA5350B723C0B29600560A3B /* Debug */ = {
			isa = XCBuildConfiguration;
			baseConfigurationReference = 921FF741CE6782D62B1DFF75 /* Pods-Twiiiiiter.debug.xcconfig */;
			buildSettings = {
				ASSETCATALOG_COMPILER_APPICON_NAME = AppIcon;
				CODE_SIGN_STYLE = Automatic;
				DEVELOPMENT_TEAM = H63A73QLUX;
				INFOPLIST_FILE = Twiiiiiter/Info.plist;
				LD_RUNPATH_SEARCH_PATHS = (
					"$(inherited)",
					"@executable_path/Frameworks",
				);
				PRODUCT_BUNDLE_IDENTIFIER = com.remutyapp.Twiiiiiter;
				PRODUCT_NAME = "$(TARGET_NAME)";
				SWIFT_VERSION = 5.0;
				TARGETED_DEVICE_FAMILY = 1;
			};
			name = Debug;
		};
		AA5350B823C0B29600560A3B /* Release */ = {
			isa = XCBuildConfiguration;
			baseConfigurationReference = 30F0D3200516D06ABBAA45B9 /* Pods-Twiiiiiter.release.xcconfig */;
			buildSettings = {
				ASSETCATALOG_COMPILER_APPICON_NAME = AppIcon;
				CODE_SIGN_STYLE = Automatic;
				DEVELOPMENT_TEAM = H63A73QLUX;
				INFOPLIST_FILE = Twiiiiiter/Info.plist;
				LD_RUNPATH_SEARCH_PATHS = (
					"$(inherited)",
					"@executable_path/Frameworks",
				);
				PRODUCT_BUNDLE_IDENTIFIER = com.remutyapp.Twiiiiiter;
				PRODUCT_NAME = "$(TARGET_NAME)";
				SWIFT_VERSION = 5.0;
				TARGETED_DEVICE_FAMILY = 1;
			};
			name = Release;
		};
/* End XCBuildConfiguration section */

/* Begin XCConfigurationList section */
		AA53509B23C0B29500560A3B /* Build configuration list for PBXProject "Twiiiiiter" */ = {
			isa = XCConfigurationList;
			buildConfigurations = (
				AA5350B423C0B29600560A3B /* Debug */,
				AA5350B523C0B29600560A3B /* Release */,
			);
			defaultConfigurationIsVisible = 0;
			defaultConfigurationName = Release;
		};
		AA5350B623C0B29600560A3B /* Build configuration list for PBXNativeTarget "Twiiiiiter" */ = {
			isa = XCConfigurationList;
			buildConfigurations = (
				AA5350B723C0B29600560A3B /* Debug */,
				AA5350B823C0B29600560A3B /* Release */,
			);
			defaultConfigurationIsVisible = 0;
			defaultConfigurationName = Release;
		};
/* End XCConfigurationList section */
	};
	rootObject = AA53509823C0B29500560A3B /* Project object */;
}
